// !$*UTF8*$!
{
	archiveVersion = 1;
	classes = {
	};
	objectVersion = 56;
	objects = {

/* Begin PBXBuildFile section */
		EE0B51AA2D7EF5DC00CF7F9B /* HeightChangePreference.swift in Sources */ = {isa = PBXBuildFile; fileRef = EE0B51A92D7EF5D600CF7F9B /* HeightChangePreference.swift */; };
		EE28ACCF2C0F60FF00309C42 /* RSSBookmarkrApp.swift in Sources */ = {isa = PBXBuildFile; fileRef = EE28ACCE2C0F60FF00309C42 /* RSSBookmarkrApp.swift */; };
		EE28ACD12C0F60FF00309C42 /* ContentView.swift in Sources */ = {isa = PBXBuildFile; fileRef = EE28ACD02C0F60FF00309C42 /* ContentView.swift */; };
		EE28ACD32C0F610000309C42 /* Assets.xcassets in Resources */ = {isa = PBXBuildFile; fileRef = EE28ACD22C0F610000309C42 /* Assets.xcassets */; };
		EE28ACD62C0F610000309C42 /* Preview Assets.xcassets in Resources */ = {isa = PBXBuildFile; fileRef = EE28ACD52C0F610000309C42 /* Preview Assets.xcassets */; };
		EE28ACEA2C0F610000309C42 /* RSSBookmarkrUITests.swift in Sources */ = {isa = PBXBuildFile; fileRef = EE28ACE92C0F610000309C42 /* RSSBookmarkrUITests.swift */; };
		EE612E582D602A30007C31FD /* SubscriptionForm.swift in Sources */ = {isa = PBXBuildFile; fileRef = EE612E572D602A30007C31FD /* SubscriptionForm.swift */; };
		EE612E5A2D602DD6007C31FD /* Toast.swift in Sources */ = {isa = PBXBuildFile; fileRef = EE612E592D602DD4007C31FD /* Toast.swift */; };
		EE62A24D2D6822BB00D6885E /* UITestingHelper.swift in Sources */ = {isa = PBXBuildFile; fileRef = EE62A24C2D6822B600D6885E /* UITestingHelper.swift */; };
		EE6635922D5DB572000E0626 /* SearchBar.swift in Sources */ = {isa = PBXBuildFile; fileRef = EE6635912D5DB56D000E0626 /* SearchBar.swift */; };
		EE6635942D5DB75D000E0626 /* RSSChip.swift in Sources */ = {isa = PBXBuildFile; fileRef = EE6635932D5DB75D000E0626 /* RSSChip.swift */; };
		EE6635962D5DB76B000E0626 /* RSSChipList.swift in Sources */ = {isa = PBXBuildFile; fileRef = EE6635952D5DB76B000E0626 /* RSSChipList.swift */; };
		EE9164542D5ED82600A9F199 /* RSSCard.swift in Sources */ = {isa = PBXBuildFile; fileRef = EE9164532D5ED82600A9F199 /* RSSCard.swift */; };
		EE9164572D5EDA2300A9F199 /* FlowLayout.swift in Sources */ = {isa = PBXBuildFile; fileRef = EE9164562D5EDA2300A9F199 /* FlowLayout.swift */; };
		EE9164592D5EDB1600A9F199 /* Shimmer.swift in Sources */ = {isa = PBXBuildFile; fileRef = EE9164582D5EDB1600A9F199 /* Shimmer.swift */; };
		EE9721BC2D5AF20800B359B3 /* RSSBookmarkrClient.swift in Sources */ = {isa = PBXBuildFile; fileRef = EE9721BB2D5AF20800B359B3 /* RSSBookmarkrClient.swift */; };
		EE9721BE2D5AF5A900B359B3 /* RSS.swift in Sources */ = {isa = PBXBuildFile; fileRef = EE9721BD2D5AF5A600B359B3 /* RSS.swift */; };
		EE9721C02D5AF7C900B359B3 /* RSSError.swift in Sources */ = {isa = PBXBuildFile; fileRef = EE9721BF2D5AF7C500B359B3 /* RSSError.swift */; };
		EE9721C22D5B023900B359B3 /* RSSHTTPClient.swift in Sources */ = {isa = PBXBuildFile; fileRef = EE9721C12D5B023300B359B3 /* RSSHTTPClient.swift */; };
		EE9721C42D5B103300B359B3 /* InitLoginRequest.swift in Sources */ = {isa = PBXBuildFile; fileRef = EE9721C32D5B102200B359B3 /* InitLoginRequest.swift */; };
		EE9721C62D5B3CFE00B359B3 /* LoginRequest.swift in Sources */ = {isa = PBXBuildFile; fileRef = EE9721C52D5B3CFB00B359B3 /* LoginRequest.swift */; };
		EE9721C82D5B3F3000B359B3 /* LoginResponse.swift in Sources */ = {isa = PBXBuildFile; fileRef = EE9721C72D5B3F2E00B359B3 /* LoginResponse.swift */; };
		EE9721CA2D5B435C00B359B3 /* SaveRSSUrlRequest.swift in Sources */ = {isa = PBXBuildFile; fileRef = EE9721C92D5B435200B359B3 /* SaveRSSUrlRequest.swift */; };
		EE9721CC2D5B43DC00B359B3 /* SubscribeRequest.swift in Sources */ = {isa = PBXBuildFile; fileRef = EE9721CB2D5B43D900B359B3 /* SubscribeRequest.swift */; };
		EE9721CE2D5B447100B359B3 /* UnsubscribeRequest.swift in Sources */ = {isa = PBXBuildFile; fileRef = EE9721CD2D5B446E00B359B3 /* UnsubscribeRequest.swift */; };
		EEBE6BB42D9811CA00AD9098 /* FitSheet.swift in Sources */ = {isa = PBXBuildFile; fileRef = EEBE6BB32D9811C400AD9098 /* FitSheet.swift */; };
		EEC229102D6811C5002E9E9A /* RSSBookmarkrScreen.swift in Sources */ = {isa = PBXBuildFile; fileRef = EEC2290F2D6811BA002E9E9A /* RSSBookmarkrScreen.swift */; };
		EEEA4F7C2C109771007CD9B8 /* LoginForm.swift in Sources */ = {isa = PBXBuildFile; fileRef = EEEA4F7B2C109771007CD9B8 /* LoginForm.swift */; };
		EEEA4F7F2C10B6FD007CD9B8 /* ModelData.swift in Sources */ = {isa = PBXBuildFile; fileRef = EEEA4F7E2C10B6FD007CD9B8 /* ModelData.swift */; };
		EEEA4F822C10B714007CD9B8 /* User.swift in Sources */ = {isa = PBXBuildFile; fileRef = EEEA4F812C10B714007CD9B8 /* User.swift */; };
/* End PBXBuildFile section */

/* Begin PBXContainerItemProxy section */
		EE28ACE62C0F610000309C42 /* PBXContainerItemProxy */ = {
			isa = PBXContainerItemProxy;
			containerPortal = EE28ACC32C0F60FF00309C42 /* Project object */;
			proxyType = 1;
			remoteGlobalIDString = EE28ACCA2C0F60FF00309C42;
			remoteInfo = RSSBookmarkr;
		};
/* End PBXContainerItemProxy section */

/* Begin PBXFileReference section */
		EE0B51A92D7EF5D600CF7F9B /* HeightChangePreference.swift */ = {isa = PBXFileReference; lastKnownFileType = sourcecode.swift; path = HeightChangePreference.swift; sourceTree = "<group>"; };
		EE28ACCB2C0F60FF00309C42 /* RSS Bookmarkr.app */ = {isa = PBXFileReference; explicitFileType = wrapper.application; includeInIndex = 0; path = "RSS Bookmarkr.app"; sourceTree = BUILT_PRODUCTS_DIR; };
		EE28ACCE2C0F60FF00309C42 /* RSSBookmarkrApp.swift */ = {isa = PBXFileReference; lastKnownFileType = sourcecode.swift; path = RSSBookmarkrApp.swift; sourceTree = "<group>"; };
		EE28ACD02C0F60FF00309C42 /* ContentView.swift */ = {isa = PBXFileReference; lastKnownFileType = sourcecode.swift; path = ContentView.swift; sourceTree = "<group>"; };
		EE28ACD22C0F610000309C42 /* Assets.xcassets */ = {isa = PBXFileReference; lastKnownFileType = folder.assetcatalog; path = Assets.xcassets; sourceTree = "<group>"; };
		EE28ACD52C0F610000309C42 /* Preview Assets.xcassets */ = {isa = PBXFileReference; lastKnownFileType = folder.assetcatalog; path = "Preview Assets.xcassets"; sourceTree = "<group>"; };
		EE28ACE52C0F610000309C42 /* RSSBookmarkrUITests.xctest */ = {isa = PBXFileReference; explicitFileType = wrapper.cfbundle; includeInIndex = 0; path = RSSBookmarkrUITests.xctest; sourceTree = BUILT_PRODUCTS_DIR; };
		EE28ACE92C0F610000309C42 /* RSSBookmarkrUITests.swift */ = {isa = PBXFileReference; lastKnownFileType = sourcecode.swift; path = RSSBookmarkrUITests.swift; sourceTree = "<group>"; };
		EE612E572D602A30007C31FD /* SubscriptionForm.swift */ = {isa = PBXFileReference; lastKnownFileType = sourcecode.swift; path = SubscriptionForm.swift; sourceTree = "<group>"; };
		EE612E592D602DD4007C31FD /* Toast.swift */ = {isa = PBXFileReference; lastKnownFileType = sourcecode.swift; path = Toast.swift; sourceTree = "<group>"; };
		EE62A24C2D6822B600D6885E /* UITestingHelper.swift */ = {isa = PBXFileReference; lastKnownFileType = sourcecode.swift; path = UITestingHelper.swift; sourceTree = "<group>"; };
		EE6635912D5DB56D000E0626 /* SearchBar.swift */ = {isa = PBXFileReference; lastKnownFileType = sourcecode.swift; path = SearchBar.swift; sourceTree = "<group>"; };
		EE6635932D5DB75D000E0626 /* RSSChip.swift */ = {isa = PBXFileReference; lastKnownFileType = sourcecode.swift; path = RSSChip.swift; sourceTree = "<group>"; };
		EE6635952D5DB76B000E0626 /* RSSChipList.swift */ = {isa = PBXFileReference; lastKnownFileType = sourcecode.swift; path = RSSChipList.swift; sourceTree = "<group>"; };
		EE9164532D5ED82600A9F199 /* RSSCard.swift */ = {isa = PBXFileReference; lastKnownFileType = sourcecode.swift; path = RSSCard.swift; sourceTree = "<group>"; };
		EE9164562D5EDA2300A9F199 /* FlowLayout.swift */ = {isa = PBXFileReference; lastKnownFileType = sourcecode.swift; path = FlowLayout.swift; sourceTree = "<group>"; };
		EE9164582D5EDB1600A9F199 /* Shimmer.swift */ = {isa = PBXFileReference; lastKnownFileType = sourcecode.swift; path = Shimmer.swift; sourceTree = "<group>"; };
		EE9721BB2D5AF20800B359B3 /* RSSBookmarkrClient.swift */ = {isa = PBXFileReference; lastKnownFileType = sourcecode.swift; path = RSSBookmarkrClient.swift; sourceTree = "<group>"; };
		EE9721BD2D5AF5A600B359B3 /* RSS.swift */ = {isa = PBXFileReference; lastKnownFileType = sourcecode.swift; path = RSS.swift; sourceTree = "<group>"; };
		EE9721BF2D5AF7C500B359B3 /* RSSError.swift */ = {isa = PBXFileReference; lastKnownFileType = sourcecode.swift; path = RSSError.swift; sourceTree = "<group>"; };
		EE9721C12D5B023300B359B3 /* RSSHTTPClient.swift */ = {isa = PBXFileReference; lastKnownFileType = sourcecode.swift; path = RSSHTTPClient.swift; sourceTree = "<group>"; };
		EE9721C32D5B102200B359B3 /* InitLoginRequest.swift */ = {isa = PBXFileReference; lastKnownFileType = sourcecode.swift; path = InitLoginRequest.swift; sourceTree = "<group>"; };
		EE9721C52D5B3CFB00B359B3 /* LoginRequest.swift */ = {isa = PBXFileReference; lastKnownFileType = sourcecode.swift; path = LoginRequest.swift; sourceTree = "<group>"; };
		EE9721C72D5B3F2E00B359B3 /* LoginResponse.swift */ = {isa = PBXFileReference; lastKnownFileType = sourcecode.swift; path = LoginResponse.swift; sourceTree = "<group>"; };
		EE9721C92D5B435200B359B3 /* SaveRSSUrlRequest.swift */ = {isa = PBXFileReference; lastKnownFileType = sourcecode.swift; path = SaveRSSUrlRequest.swift; sourceTree = "<group>"; };
		EE9721CB2D5B43D900B359B3 /* SubscribeRequest.swift */ = {isa = PBXFileReference; lastKnownFileType = sourcecode.swift; path = SubscribeRequest.swift; sourceTree = "<group>"; };
		EE9721CD2D5B446E00B359B3 /* UnsubscribeRequest.swift */ = {isa = PBXFileReference; lastKnownFileType = sourcecode.swift; path = UnsubscribeRequest.swift; sourceTree = "<group>"; };
		EE9ACFBD2D6C331800FC5899 /* Info.plist */ = {isa = PBXFileReference; lastKnownFileType = text.plist; path = Info.plist; sourceTree = "<group>"; };
		EEBE6BB32D9811C400AD9098 /* FitSheet.swift */ = {isa = PBXFileReference; lastKnownFileType = sourcecode.swift; path = FitSheet.swift; sourceTree = "<group>"; };
		EEC2290F2D6811BA002E9E9A /* RSSBookmarkrScreen.swift */ = {isa = PBXFileReference; lastKnownFileType = sourcecode.swift; path = RSSBookmarkrScreen.swift; sourceTree = "<group>"; };
		EEEA4F7B2C109771007CD9B8 /* LoginForm.swift */ = {isa = PBXFileReference; lastKnownFileType = sourcecode.swift; path = LoginForm.swift; sourceTree = "<group>"; };
		EEEA4F7E2C10B6FD007CD9B8 /* ModelData.swift */ = {isa = PBXFileReference; lastKnownFileType = sourcecode.swift; path = ModelData.swift; sourceTree = "<group>"; };
		EEEA4F812C10B714007CD9B8 /* User.swift */ = {isa = PBXFileReference; lastKnownFileType = sourcecode.swift; path = User.swift; sourceTree = "<group>"; };
/* End PBXFileReference section */

/* Begin PBXFrameworksBuildPhase section */
		EE28ACC82C0F60FF00309C42 /* Frameworks */ = {
			isa = PBXFrameworksBuildPhase;
			buildActionMask = 2147483647;
			files = (
			);
			runOnlyForDeploymentPostprocessing = 0;
		};
		EE28ACE22C0F610000309C42 /* Frameworks */ = {
			isa = PBXFrameworksBuildPhase;
			buildActionMask = 2147483647;
			files = (
			);
			runOnlyForDeploymentPostprocessing = 0;
		};
/* End PBXFrameworksBuildPhase section */

/* Begin PBXGroup section */
		EE28ACC22C0F60FF00309C42 = {
			isa = PBXGroup;
			children = (
				EE28ACCD2C0F60FF00309C42 /* RSSBookmarkr */,
				EE28ACE82C0F610000309C42 /* RSSBookmarkrUITests */,
				EE28ACCC2C0F60FF00309C42 /* Products */,
			);
			sourceTree = "<group>";
		};
		EE28ACCC2C0F60FF00309C42 /* Products */ = {
			isa = PBXGroup;
			children = (
				EE28ACCB2C0F60FF00309C42 /* RSS Bookmarkr.app */,
				EE28ACE52C0F610000309C42 /* RSSBookmarkrUITests.xctest */,
			);
			name = Products;
			sourceTree = "<group>";
		};
		EE28ACCD2C0F60FF00309C42 /* RSSBookmarkr */ = {
			isa = PBXGroup;
			children = (
				EE9ACFBD2D6C331800FC5899 /* Info.plist */,
				EE62A24B2D6822A900D6885E /* UITesting */,
				EEEA4F7D2C10B6F1007CD9B8 /* Model */,
				EEEA4F712C10634B007CD9B8 /* Views */,
				EE28ACCE2C0F60FF00309C42 /* RSSBookmarkrApp.swift */,
				EE28ACD22C0F610000309C42 /* Assets.xcassets */,
				EE28ACD42C0F610000309C42 /* Preview Content */,
			);
			path = RSSBookmarkr;
			sourceTree = "<group>";
		};
		EE28ACD42C0F610000309C42 /* Preview Content */ = {
			isa = PBXGroup;
			children = (
				EE28ACD52C0F610000309C42 /* Preview Assets.xcassets */,
			);
			path = "Preview Content";
			sourceTree = "<group>";
		};
		EE28ACE82C0F610000309C42 /* RSSBookmarkrUITests */ = {
			isa = PBXGroup;
			children = (
				EEC2290F2D6811BA002E9E9A /* RSSBookmarkrScreen.swift */,
				EE28ACE92C0F610000309C42 /* RSSBookmarkrUITests.swift */,
			);
			path = RSSBookmarkrUITests;
			sourceTree = "<group>";
		};
		EE62A24B2D6822A900D6885E /* UITesting */ = {
			isa = PBXGroup;
			children = (
				EE62A24C2D6822B600D6885E /* UITestingHelper.swift */,
			);
			path = UITesting;
			sourceTree = "<group>";
		};
		EE6635902D5DB4EB000E0626 /* RSS */ = {
			isa = PBXGroup;
			children = (
				EE6635952D5DB76B000E0626 /* RSSChipList.swift */,
				EE6635912D5DB56D000E0626 /* SearchBar.swift */,
				EE6635932D5DB75D000E0626 /* RSSChip.swift */,
				EE9164532D5ED82600A9F199 /* RSSCard.swift */,
				EE612E572D602A30007C31FD /* SubscriptionForm.swift */,
			);
			path = RSS;
			sourceTree = "<group>";
		};
		EE9164552D5EDA0F00A9F199 /* Helper */ = {
			isa = PBXGroup;
			children = (
				EEBE6BB32D9811C400AD9098 /* FitSheet.swift */,
				EE0B51A92D7EF5D600CF7F9B /* HeightChangePreference.swift */,
				EE612E592D602DD4007C31FD /* Toast.swift */,
				EE9164562D5EDA2300A9F199 /* FlowLayout.swift */,
				EE9164582D5EDB1600A9F199 /* Shimmer.swift */,
			);
			path = Helper;
			sourceTree = "<group>";
		};
		EEEA4F712C10634B007CD9B8 /* Views */ = {
			isa = PBXGroup;
			children = (
				EE9164552D5EDA0F00A9F199 /* Helper */,
				EE6635902D5DB4EB000E0626 /* RSS */,
				EEEA4F7A2C109732007CD9B8 /* Auth */,
				EE28ACD02C0F60FF00309C42 /* ContentView.swift */,
			);
			path = Views;
			sourceTree = "<group>";
		};
		EEEA4F7A2C109732007CD9B8 /* Auth */ = {
			isa = PBXGroup;
			children = (
				EEEA4F7B2C109771007CD9B8 /* LoginForm.swift */,
			);
			path = Auth;
			sourceTree = "<group>";
		};
		EEEA4F7D2C10B6F1007CD9B8 /* Model */ = {
			isa = PBXGroup;
			children = (
				EE9721CD2D5B446E00B359B3 /* UnsubscribeRequest.swift */,
				EE9721CB2D5B43D900B359B3 /* SubscribeRequest.swift */,
				EE9721C92D5B435200B359B3 /* SaveRSSUrlRequest.swift */,
				EE9721C72D5B3F2E00B359B3 /* LoginResponse.swift */,
				EE9721C52D5B3CFB00B359B3 /* LoginRequest.swift */,
				EE9721C32D5B102200B359B3 /* InitLoginRequest.swift */,
				EE9721C12D5B023300B359B3 /* RSSHTTPClient.swift */,
				EE9721BF2D5AF7C500B359B3 /* RSSError.swift */,
				EE9721BD2D5AF5A600B359B3 /* RSS.swift */,
				EEEA4F7E2C10B6FD007CD9B8 /* ModelData.swift */,
				EEEA4F812C10B714007CD9B8 /* User.swift */,
				EE9721BB2D5AF20800B359B3 /* RSSBookmarkrClient.swift */,
			);
			path = Model;
			sourceTree = "<group>";
		};
/* End PBXGroup section */

/* Begin PBXNativeTarget section */
		EE28ACCA2C0F60FF00309C42 /* RSSBookmarkr */ = {
			isa = PBXNativeTarget;
			buildConfigurationList = EE28ACEF2C0F610000309C42 /* Build configuration list for PBXNativeTarget "RSSBookmarkr" */;
			buildPhases = (
				EE28ACC72C0F60FF00309C42 /* Sources */,
				EE28ACC82C0F60FF00309C42 /* Frameworks */,
				EE28ACC92C0F60FF00309C42 /* Resources */,
			);
			buildRules = (
			);
			dependencies = (
			);
			name = RSSBookmarkr;
			productName = RSSBookmarkr;
			productReference = EE28ACCB2C0F60FF00309C42 /* RSS Bookmarkr.app */;
			productType = "com.apple.product-type.application";
		};
		EE28ACE42C0F610000309C42 /* RSSBookmarkrUITests */ = {
			isa = PBXNativeTarget;
			buildConfigurationList = EE28ACF52C0F610000309C42 /* Build configuration list for PBXNativeTarget "RSSBookmarkrUITests" */;
			buildPhases = (
				EE28ACE12C0F610000309C42 /* Sources */,
				EE28ACE22C0F610000309C42 /* Frameworks */,
				EE28ACE32C0F610000309C42 /* Resources */,
			);
			buildRules = (
			);
			dependencies = (
				EE28ACE72C0F610000309C42 /* PBXTargetDependency */,
			);
			name = RSSBookmarkrUITests;
			productName = RSSBookmarkrUITests;
			productReference = EE28ACE52C0F610000309C42 /* RSSBookmarkrUITests.xctest */;
			productType = "com.apple.product-type.bundle.ui-testing";
		};
/* End PBXNativeTarget section */

/* Begin PBXProject section */
		EE28ACC32C0F60FF00309C42 /* Project object */ = {
			isa = PBXProject;
			attributes = {
				BuildIndependentTargetsInParallel = 1;
				LastSwiftUpdateCheck = 1540;
				LastUpgradeCheck = 1620;
				TargetAttributes = {
					EE28ACCA2C0F60FF00309C42 = {
						CreatedOnToolsVersion = 15.4;
					};
					EE28ACE42C0F610000309C42 = {
						CreatedOnToolsVersion = 15.4;
						TestTargetID = EE28ACCA2C0F60FF00309C42;
					};
				};
			};
			buildConfigurationList = EE28ACC62C0F60FF00309C42 /* Build configuration list for PBXProject "RSSBookmarkr" */;
			compatibilityVersion = "Xcode 14.0";
			developmentRegion = en;
			hasScannedForEncodings = 0;
			knownRegions = (
				en,
				Base,
			);
			mainGroup = EE28ACC22C0F60FF00309C42;
			productRefGroup = EE28ACCC2C0F60FF00309C42 /* Products */;
			projectDirPath = "";
			projectRoot = "";
			targets = (
				EE28ACCA2C0F60FF00309C42 /* RSSBookmarkr */,
				EE28ACE42C0F610000309C42 /* RSSBookmarkrUITests */,
			);
		};
/* End PBXProject section */

/* Begin PBXResourcesBuildPhase section */
		EE28ACC92C0F60FF00309C42 /* Resources */ = {
			isa = PBXResourcesBuildPhase;
			buildActionMask = 2147483647;
			files = (
				EE28ACD62C0F610000309C42 /* Preview Assets.xcassets in Resources */,
				EE28ACD32C0F610000309C42 /* Assets.xcassets in Resources */,
			);
			runOnlyForDeploymentPostprocessing = 0;
		};
		EE28ACE32C0F610000309C42 /* Resources */ = {
			isa = PBXResourcesBuildPhase;
			buildActionMask = 2147483647;
			files = (
			);
			runOnlyForDeploymentPostprocessing = 0;
		};
/* End PBXResourcesBuildPhase section */

/* Begin PBXSourcesBuildPhase section */
		EE28ACC72C0F60FF00309C42 /* Sources */ = {
			isa = PBXSourcesBuildPhase;
			buildActionMask = 2147483647;
			files = (
				EE9721C42D5B103300B359B3 /* InitLoginRequest.swift in Sources */,
				EE612E5A2D602DD6007C31FD /* Toast.swift in Sources */,
				EE9721CE2D5B447100B359B3 /* UnsubscribeRequest.swift in Sources */,
				EE6635962D5DB76B000E0626 /* RSSChipList.swift in Sources */,
				EE62A24D2D6822BB00D6885E /* UITestingHelper.swift in Sources */,
				EE6635942D5DB75D000E0626 /* RSSChip.swift in Sources */,
				EE9721CA2D5B435C00B359B3 /* SaveRSSUrlRequest.swift in Sources */,
				EE28ACD12C0F60FF00309C42 /* ContentView.swift in Sources */,
				EEEA4F822C10B714007CD9B8 /* User.swift in Sources */,
				EE9721CC2D5B43DC00B359B3 /* SubscribeRequest.swift in Sources */,
				EE9721C62D5B3CFE00B359B3 /* LoginRequest.swift in Sources */,
				EEBE6BB42D9811CA00AD9098 /* FitSheet.swift in Sources */,
				EE9164542D5ED82600A9F199 /* RSSCard.swift in Sources */,
				EEEA4F7F2C10B6FD007CD9B8 /* ModelData.swift in Sources */,
				EE9721C82D5B3F3000B359B3 /* LoginResponse.swift in Sources */,
				EE9721C02D5AF7C900B359B3 /* RSSError.swift in Sources */,
				EE9721BE2D5AF5A900B359B3 /* RSS.swift in Sources */,
				EE9721C22D5B023900B359B3 /* RSSHTTPClient.swift in Sources */,
				EE0B51AA2D7EF5DC00CF7F9B /* HeightChangePreference.swift in Sources */,
				EE9721BC2D5AF20800B359B3 /* RSSBookmarkrClient.swift in Sources */,
				EE612E582D602A30007C31FD /* SubscriptionForm.swift in Sources */,
				EE28ACCF2C0F60FF00309C42 /* RSSBookmarkrApp.swift in Sources */,
				EE6635922D5DB572000E0626 /* SearchBar.swift in Sources */,
				EE9164572D5EDA2300A9F199 /* FlowLayout.swift in Sources */,
				EEEA4F7C2C109771007CD9B8 /* LoginForm.swift in Sources */,
				EE9164592D5EDB1600A9F199 /* Shimmer.swift in Sources */,
			);
			runOnlyForDeploymentPostprocessing = 0;
		};
		EE28ACE12C0F610000309C42 /* Sources */ = {
			isa = PBXSourcesBuildPhase;
			buildActionMask = 2147483647;
			files = (
				EE28ACEA2C0F610000309C42 /* RSSBookmarkrUITests.swift in Sources */,
				EEC229102D6811C5002E9E9A /* RSSBookmarkrScreen.swift in Sources */,
			);
			runOnlyForDeploymentPostprocessing = 0;
		};
/* End PBXSourcesBuildPhase section */

/* Begin PBXTargetDependency section */
		EE28ACE72C0F610000309C42 /* PBXTargetDependency */ = {
			isa = PBXTargetDependency;
			target = EE28ACCA2C0F60FF00309C42 /* RSSBookmarkr */;
			targetProxy = EE28ACE62C0F610000309C42 /* PBXContainerItemProxy */;
		};
/* End PBXTargetDependency section */

/* Begin XCBuildConfiguration section */
		EE28ACED2C0F610000309C42 /* Debug */ = {
			isa = XCBuildConfiguration;
			buildSettings = {
				ALWAYS_SEARCH_USER_PATHS = NO;
				ASSETCATALOG_COMPILER_GENERATE_SWIFT_ASSET_SYMBOL_EXTENSIONS = YES;
				CLANG_ANALYZER_NONNULL = YES;
				CLANG_ANALYZER_NUMBER_OBJECT_CONVERSION = YES_AGGRESSIVE;
				CLANG_CXX_LANGUAGE_STANDARD = "gnu++20";
				CLANG_ENABLE_MODULES = YES;
				CLANG_ENABLE_OBJC_ARC = YES;
				CLANG_ENABLE_OBJC_WEAK = YES;
				CLANG_WARN_BLOCK_CAPTURE_AUTORELEASING = YES;
				CLANG_WARN_BOOL_CONVERSION = YES;
				CLANG_WARN_COMMA = YES;
				CLANG_WARN_CONSTANT_CONVERSION = YES;
				CLANG_WARN_DEPRECATED_OBJC_IMPLEMENTATIONS = YES;
				CLANG_WARN_DIRECT_OBJC_ISA_USAGE = YES_ERROR;
				CLANG_WARN_DOCUMENTATION_COMMENTS = YES;
				CLANG_WARN_EMPTY_BODY = YES;
				CLANG_WARN_ENUM_CONVERSION = YES;
				CLANG_WARN_INFINITE_RECURSION = YES;
				CLANG_WARN_INT_CONVERSION = YES;
				CLANG_WARN_NON_LITERAL_NULL_CONVERSION = YES;
				CLANG_WARN_OBJC_IMPLICIT_RETAIN_SELF = YES;
				CLANG_WARN_OBJC_LITERAL_CONVERSION = YES;
				CLANG_WARN_OBJC_ROOT_CLASS = YES_ERROR;
				CLANG_WARN_QUOTED_INCLUDE_IN_FRAMEWORK_HEADER = YES;
				CLANG_WARN_RANGE_LOOP_ANALYSIS = YES;
				CLANG_WARN_STRICT_PROTOTYPES = YES;
				CLANG_WARN_SUSPICIOUS_MOVE = YES;
				CLANG_WARN_UNGUARDED_AVAILABILITY = YES_AGGRESSIVE;
				CLANG_WARN_UNREACHABLE_CODE = YES;
				CLANG_WARN__DUPLICATE_METHOD_MATCH = YES;
				COPY_PHASE_STRIP = NO;
				DEBUG_INFORMATION_FORMAT = dwarf;
				ENABLE_STRICT_OBJC_MSGSEND = YES;
				ENABLE_TESTABILITY = YES;
				ENABLE_USER_SCRIPT_SANDBOXING = YES;
				GCC_C_LANGUAGE_STANDARD = gnu17;
				GCC_DYNAMIC_NO_PIC = NO;
				GCC_NO_COMMON_BLOCKS = YES;
				GCC_OPTIMIZATION_LEVEL = 0;
				GCC_PREPROCESSOR_DEFINITIONS = (
					"DEBUG=1",
					"$(inherited)",
				);
				GCC_WARN_64_TO_32_BIT_CONVERSION = YES;
				GCC_WARN_ABOUT_RETURN_TYPE = YES_ERROR;
				GCC_WARN_UNDECLARED_SELECTOR = YES;
				GCC_WARN_UNINITIALIZED_AUTOS = YES_AGGRESSIVE;
				GCC_WARN_UNUSED_FUNCTION = YES;
				GCC_WARN_UNUSED_VARIABLE = YES;
				IPHONEOS_DEPLOYMENT_TARGET = 17.5;
				LOCALIZATION_PREFERS_STRING_CATALOGS = YES;
				MTL_ENABLE_DEBUG_INFO = INCLUDE_SOURCE;
				MTL_FAST_MATH = YES;
				ONLY_ACTIVE_ARCH = YES;
				SDKROOT = iphoneos;
				SWIFT_ACTIVE_COMPILATION_CONDITIONS = "DEBUG $(inherited)";
				SWIFT_OPTIMIZATION_LEVEL = "-Onone";
			};
			name = Debug;
		};
		EE28ACEE2C0F610000309C42 /* Release */ = {
			isa = XCBuildConfiguration;
			buildSettings = {
				ALWAYS_SEARCH_USER_PATHS = NO;
				ASSETCATALOG_COMPILER_GENERATE_SWIFT_ASSET_SYMBOL_EXTENSIONS = YES;
				CLANG_ANALYZER_NONNULL = YES;
				CLANG_ANALYZER_NUMBER_OBJECT_CONVERSION = YES_AGGRESSIVE;
				CLANG_CXX_LANGUAGE_STANDARD = "gnu++20";
				CLANG_ENABLE_MODULES = YES;
				CLANG_ENABLE_OBJC_ARC = YES;
				CLANG_ENABLE_OBJC_WEAK = YES;
				CLANG_WARN_BLOCK_CAPTURE_AUTORELEASING = YES;
				CLANG_WARN_BOOL_CONVERSION = YES;
				CLANG_WARN_COMMA = YES;
				CLANG_WARN_CONSTANT_CONVERSION = YES;
				CLANG_WARN_DEPRECATED_OBJC_IMPLEMENTATIONS = YES;
				CLANG_WARN_DIRECT_OBJC_ISA_USAGE = YES_ERROR;
				CLANG_WARN_DOCUMENTATION_COMMENTS = YES;
				CLANG_WARN_EMPTY_BODY = YES;
				CLANG_WARN_ENUM_CONVERSION = YES;
				CLANG_WARN_INFINITE_RECURSION = YES;
				CLANG_WARN_INT_CONVERSION = YES;
				CLANG_WARN_NON_LITERAL_NULL_CONVERSION = YES;
				CLANG_WARN_OBJC_IMPLICIT_RETAIN_SELF = YES;
				CLANG_WARN_OBJC_LITERAL_CONVERSION = YES;
				CLANG_WARN_OBJC_ROOT_CLASS = YES_ERROR;
				CLANG_WARN_QUOTED_INCLUDE_IN_FRAMEWORK_HEADER = YES;
				CLANG_WARN_RANGE_LOOP_ANALYSIS = YES;
				CLANG_WARN_STRICT_PROTOTYPES = YES;
				CLANG_WARN_SUSPICIOUS_MOVE = YES;
				CLANG_WARN_UNGUARDED_AVAILABILITY = YES_AGGRESSIVE;
				CLANG_WARN_UNREACHABLE_CODE = YES;
				CLANG_WARN__DUPLICATE_METHOD_MATCH = YES;
				COPY_PHASE_STRIP = NO;
				DEBUG_INFORMATION_FORMAT = "dwarf-with-dsym";
				ENABLE_NS_ASSERTIONS = NO;
				ENABLE_STRICT_OBJC_MSGSEND = YES;
				ENABLE_USER_SCRIPT_SANDBOXING = YES;
				GCC_C_LANGUAGE_STANDARD = gnu17;
				GCC_NO_COMMON_BLOCKS = YES;
				GCC_WARN_64_TO_32_BIT_CONVERSION = YES;
				GCC_WARN_ABOUT_RETURN_TYPE = YES_ERROR;
				GCC_WARN_UNDECLARED_SELECTOR = YES;
				GCC_WARN_UNINITIALIZED_AUTOS = YES_AGGRESSIVE;
				GCC_WARN_UNUSED_FUNCTION = YES;
				GCC_WARN_UNUSED_VARIABLE = YES;
				IPHONEOS_DEPLOYMENT_TARGET = 17.5;
				LOCALIZATION_PREFERS_STRING_CATALOGS = YES;
				MTL_ENABLE_DEBUG_INFO = NO;
				MTL_FAST_MATH = YES;
				SDKROOT = iphoneos;
				SWIFT_COMPILATION_MODE = wholemodule;
				VALIDATE_PRODUCT = YES;
			};
			name = Release;
		};
		EE28ACF02C0F610000309C42 /* Debug */ = {
			isa = XCBuildConfiguration;
			buildSettings = {
				ASSETCATALOG_COMPILER_APPICON_NAME = AppIcon;
				ASSETCATALOG_COMPILER_GLOBAL_ACCENT_COLOR_NAME = AccentColor;
				CODE_SIGN_STYLE = Automatic;
				CURRENT_PROJECT_VERSION = 1;
				DEVELOPMENT_ASSET_PATHS = "\"RSSBookmarkr/Preview Content\"";
				DEVELOPMENT_TEAM = "";
				ENABLE_PREVIEWS = YES;
				GENERATE_INFOPLIST_FILE = YES;
				INFOPLIST_FILE = RSSBookmarkr/Info.plist;
				INFOPLIST_KEY_UIApplicationSceneManifest_Generation = YES;
				INFOPLIST_KEY_UIApplicationSupportsIndirectInputEvents = YES;
				INFOPLIST_KEY_UILaunchScreen_Generation = YES;
				INFOPLIST_KEY_UISupportedInterfaceOrientations = UIInterfaceOrientationPortrait;
				INFOPLIST_KEY_UISupportedInterfaceOrientations_iPad = "UIInterfaceOrientationLandscapeLeft UIInterfaceOrientationLandscapeRight UIInterfaceOrientationPortrait UIInterfaceOrientationPortraitUpsideDown";
				IPHONEOS_DEPLOYMENT_TARGET = 17.0;
				LD_RUNPATH_SEARCH_PATHS = (
					"$(inherited)",
					"@executable_path/Frameworks",
				);
				MARKETING_VERSION = 1.0;
				PRODUCT_BUNDLE_IDENTIFIER = com.sistracia.RSSBookmarkr;
				PRODUCT_NAME = "RSS Bookmarkr";
				SUPPORTED_PLATFORMS = "iphoneos iphonesimulator";
				SUPPORTS_MACCATALYST = NO;
				SUPPORTS_MAC_DESIGNED_FOR_IPHONE_IPAD = NO;
				SUPPORTS_XR_DESIGNED_FOR_IPHONE_IPAD = NO;
				SWIFT_EMIT_LOC_STRINGS = YES;
				SWIFT_VERSION = 5.0;
				TARGETED_DEVICE_FAMILY = 1;
			};
			name = Debug;
		};
		EE28ACF12C0F610000309C42 /* Release */ = {
			isa = XCBuildConfiguration;
			buildSettings = {
				ASSETCATALOG_COMPILER_APPICON_NAME = AppIcon;
				ASSETCATALOG_COMPILER_GLOBAL_ACCENT_COLOR_NAME = AccentColor;
				CODE_SIGN_STYLE = Automatic;
				CURRENT_PROJECT_VERSION = 1;
				DEVELOPMENT_ASSET_PATHS = "\"RSSBookmarkr/Preview Content\"";
				DEVELOPMENT_TEAM = "";
				ENABLE_PREVIEWS = YES;
				GENERATE_INFOPLIST_FILE = YES;
				INFOPLIST_FILE = RSSBookmarkr/Info.plist;
				INFOPLIST_KEY_UIApplicationSceneManifest_Generation = YES;
				INFOPLIST_KEY_UIApplicationSupportsIndirectInputEvents = YES;
				INFOPLIST_KEY_UILaunchScreen_Generation = YES;
				INFOPLIST_KEY_UISupportedInterfaceOrientations = UIInterfaceOrientationPortrait;
				INFOPLIST_KEY_UISupportedInterfaceOrientations_iPad = "UIInterfaceOrientationLandscapeLeft UIInterfaceOrientationLandscapeRight UIInterfaceOrientationPortrait UIInterfaceOrientationPortraitUpsideDown";
				IPHONEOS_DEPLOYMENT_TARGET = 17.0;
				LD_RUNPATH_SEARCH_PATHS = (
					"$(inherited)",
					"@executable_path/Frameworks",
				);
				MARKETING_VERSION = 1.0;
				PRODUCT_BUNDLE_IDENTIFIER = com.sistracia.RSSBookmarkr;
				PRODUCT_NAME = "RSS Bookmarkr";
				SUPPORTED_PLATFORMS = "iphoneos iphonesimulator";
				SUPPORTS_MACCATALYST = NO;
				SUPPORTS_MAC_DESIGNED_FOR_IPHONE_IPAD = NO;
				SUPPORTS_XR_DESIGNED_FOR_IPHONE_IPAD = NO;
				SWIFT_EMIT_LOC_STRINGS = YES;
				SWIFT_VERSION = 5.0;
				TARGETED_DEVICE_FAMILY = 1;
			};
			name = Release;
		};
		EE28ACF62C0F610000309C42 /* Debug */ = {
			isa = XCBuildConfiguration;
			buildSettings = {
				CODE_SIGN_STYLE = Automatic;
				CURRENT_PROJECT_VERSION = 1;
				GENERATE_INFOPLIST_FILE = YES;
				IPHONEOS_DEPLOYMENT_TARGET = 17.0;
				MARKETING_VERSION = 1.0;
				PRODUCT_BUNDLE_IDENTIFIER = com.sistracia.RSSBookmarkrUITests;
				PRODUCT_NAME = "$(TARGET_NAME)";
				SUPPORTED_PLATFORMS = "iphoneos iphonesimulator";
				SUPPORTS_MACCATALYST = NO;
				SUPPORTS_MAC_DESIGNED_FOR_IPHONE_IPAD = NO;
				SUPPORTS_XR_DESIGNED_FOR_IPHONE_IPAD = NO;
				SWIFT_EMIT_LOC_STRINGS = NO;
				SWIFT_VERSION = 5.0;
				TARGETED_DEVICE_FAMILY = 1;
				TEST_TARGET_NAME = RSSBookmarkr;
			};
			name = Debug;
		};
		EE28ACF72C0F610000309C42 /* Release */ = {
			isa = XCBuildConfiguration;
			buildSettings = {
				CODE_SIGN_STYLE = Automatic;
				CURRENT_PROJECT_VERSION = 1;
				GENERATE_INFOPLIST_FILE = YES;
				IPHONEOS_DEPLOYMENT_TARGET = 17.0;
				MARKETING_VERSION = 1.0;
				PRODUCT_BUNDLE_IDENTIFIER = com.sistracia.RSSBookmarkrUITests;
				PRODUCT_NAME = "$(TARGET_NAME)";
				SUPPORTED_PLATFORMS = "iphoneos iphonesimulator";
				SUPPORTS_MACCATALYST = NO;
				SUPPORTS_MAC_DESIGNED_FOR_IPHONE_IPAD = NO;
				SUPPORTS_XR_DESIGNED_FOR_IPHONE_IPAD = NO;
				SWIFT_EMIT_LOC_STRINGS = NO;
				SWIFT_VERSION = 5.0;
				TARGETED_DEVICE_FAMILY = 1;
				TEST_TARGET_NAME = RSSBookmarkr;
			};
			name = Release;
		};
/* End XCBuildConfiguration section */

/* Begin XCConfigurationList section */
		EE28ACC62C0F60FF00309C42 /* Build configuration list for PBXProject "RSSBookmarkr" */ = {
			isa = XCConfigurationList;
			buildConfigurations = (
				EE28ACED2C0F610000309C42 /* Debug */,
				EE28ACEE2C0F610000309C42 /* Release */,
			);
			defaultConfigurationIsVisible = 0;
			defaultConfigurationName = Release;
		};
		EE28ACEF2C0F610000309C42 /* Build configuration list for PBXNativeTarget "RSSBookmarkr" */ = {
			isa = XCConfigurationList;
			buildConfigurations = (
				EE28ACF02C0F610000309C42 /* Debug */,
				EE28ACF12C0F610000309C42 /* Release */,
			);
			defaultConfigurationIsVisible = 0;
			defaultConfigurationName = Release;
		};
		EE28ACF52C0F610000309C42 /* Build configuration list for PBXNativeTarget "RSSBookmarkrUITests" */ = {
			isa = XCConfigurationList;
			buildConfigurations = (
				EE28ACF62C0F610000309C42 /* Debug */,
				EE28ACF72C0F610000309C42 /* Release */,
			);
			defaultConfigurationIsVisible = 0;
			defaultConfigurationName = Release;
		};
/* End XCConfigurationList section */
	};
	rootObject = EE28ACC32C0F60FF00309C42 /* Project object */;
}
